{
  "name": "nodejsajs",
  "version": "1.0.0",
  "lockfileVersion": 3,
  "requires": true,
  "packages": {
    "": {
      "name": "nodejsajs",
      "version": "1.0.0",
      "license": "ISC",
      "dependencies": {
        "@pokimonka/ajs": "^1.0.0"
      }
    },
    "node_modules/@pokimonka/ajs": {
      "version": "1.0.0",
      "resolved": "https://npm.pkg.github.com/download/@pokimonka/ajs/1.0.0/e704c3b854c7117a2fc1493feddc20c6233c1639",
      "integrity": "sha512-69FSDdeZxjg4vdHuR7b7SFIo6G+5pPiWumhn+Nk2qxIl8LjzLzuyOa0b9hciGCKc8y7tfgMwvU5j7l+7LefLVA==",
      "license": "ISC"
    }
  }
}
